
Microsoft Visual Studio Solution File, Format Version 12.00
# Visual Studio Version 17
VisualStudioVersion = 17.9.34723.18
MinimumVisualStudioVersion = 10.0.40219.1
Project("{FAE04EC0-301F-11D3-BF4B-00C04F79EFBC}") = "FirebaseAccessTokenCreated", "FirebaseAccessTokenCreated.csproj", "{03CD6CFB-D475-4F5E-BE8A-83B0982C242D}"
EndProject
Global
	GlobalSection(SolutionConfigurationPlatforms) = preSolution
		Debug|Any CPU = Debug|Any CPU
		Release|Any CPU = Release|Any CPU
	EndGlobalSection
	GlobalSection(ProjectConfigurationPlatforms) = postSolution
		{03CD6CFB-D475-4F5E-BE8A-83B0982C242D}.Debug|Any CPU.ActiveCfg = Debug|Any CPU
		{03CD6CFB-D475-4F5E-BE8A-83B0982C242D}.Debug|Any CPU.Build.0 = Debug|Any CPU
		{03CD6CFB-D475-4F5E-BE8A-83B0982C242D}.Release|Any CPU.ActiveCfg = Release|Any CPU
		{03CD6CFB-D475-4F5E-BE8A-83B0982C242D}.Release|Any CPU.Build.0 = Release|Any CPU
	EndGlobalSection
	GlobalSection(SolutionProperties) = preSolution
		HideSolutionNode = FALSE
	EndGlobalSection
	GlobalSection(ExtensibilityGlobals) = postSolution
		SolutionGuid = {26929277-45A9-4303-A062-FE3B0F1B8A75}
	EndGlobalSection
EndGlobal
